
Microsoft Visual Studio Solution File, Format Version 12.00
# Visual Studio Version 17
VisualStudioVersion = 17.9.34728.123
MinimumVisualStudioVersion = 10.0.40219.1
Project("{9A19103F-16F7-4668-BE54-9A1E7A4F7556}") = "TeacherExtension.Foxo.WrathFloor", "TeacherExtension.Foxo.WrathLevel\TeacherExtension.Foxo.WrathFloor.csproj", "{391C0273-F6C8-41E7-B6AF-812FCEACABE5}"
EndProject
Project("{2150E333-8FDC-42A3-9474-1A3956D46DE8}") = "Solution Items", "Solution Items", "{E9067505-CFCE-4ACB-B00E-EA8654B6550A}"
	ProjectSection(SolutionItems) = preProject
		.editorconfig = .editorconfig
	EndProjectSection
EndProject
Project("{9A19103F-16F7-4668-BE54-9A1E7A4F7556}") = "TeacherExtension.Foxo", "TeacherExtension.Foxo\TeacherExtension.Foxo.csproj", "{5B531B9A-69F5-4CD6-8960-AF9DD97C5143}"
EndProject
Project("{9A19103F-16F7-4668-BE54-9A1E7A4F7556}") = "TeacherAPI", "TeacherAPI\TeacherAPI.csproj", "{0E1E2B66-F09C-447F-9F43-FA982AD5B763}"
EndProject
Project("{9A19103F-16F7-4668-BE54-9A1E7A4F7556}") = "TeacherExtension.NullTeacher.Floor", "TeacherExtension.NullTeacher.Floor\TeacherExtension.NullTeacher.Floor.csproj", "{8B5D7451-425C-4969-9DA4-B52AA1E38FE8}"
EndProject
Project("{9A19103F-16F7-4668-BE54-9A1E7A4F7556}") = "TeacherExtension.NullTeacher", "TeacherExtension.NullTeacher\TeacherExtension.NullTeacher.csproj", "{3E254AC2-C0E4-478B-A193-9230E6D7F93C}"
EndProject
Global
	GlobalSection(SolutionConfigurationPlatforms) = preSolution
		Debug|Any CPU = Debug|Any CPU
		Release|Any CPU = Release|Any CPU
	EndGlobalSection
	GlobalSection(ProjectConfigurationPlatforms) = postSolution
		{391C0273-F6C8-41E7-B6AF-812FCEACABE5}.Debug|Any CPU.ActiveCfg = Debug|Any CPU
		{391C0273-F6C8-41E7-B6AF-812FCEACABE5}.Debug|Any CPU.Build.0 = Debug|Any CPU
		{391C0273-F6C8-41E7-B6AF-812FCEACABE5}.Release|Any CPU.ActiveCfg = Release|Any CPU
		{391C0273-F6C8-41E7-B6AF-812FCEACABE5}.Release|Any CPU.Build.0 = Release|Any CPU
		{5B531B9A-69F5-4CD6-8960-AF9DD97C5143}.Debug|Any CPU.ActiveCfg = Debug|Any CPU
		{5B531B9A-69F5-4CD6-8960-AF9DD97C5143}.Debug|Any CPU.Build.0 = Debug|Any CPU
		{5B531B9A-69F5-4CD6-8960-AF9DD97C5143}.Release|Any CPU.ActiveCfg = Release|Any CPU
		{5B531B9A-69F5-4CD6-8960-AF9DD97C5143}.Release|Any CPU.Build.0 = Release|Any CPU
		{0E1E2B66-F09C-447F-9F43-FA982AD5B763}.Debug|Any CPU.ActiveCfg = Debug|Any CPU
		{0E1E2B66-F09C-447F-9F43-FA982AD5B763}.Debug|Any CPU.Build.0 = Debug|Any CPU
		{0E1E2B66-F09C-447F-9F43-FA982AD5B763}.Release|Any CPU.ActiveCfg = Release|Any CPU
		{0E1E2B66-F09C-447F-9F43-FA982AD5B763}.Release|Any CPU.Build.0 = Release|Any CPU
		{8B5D7451-425C-4969-9DA4-B52AA1E38FE8}.Debug|Any CPU.ActiveCfg = Debug|Any CPU
		{8B5D7451-425C-4969-9DA4-B52AA1E38FE8}.Debug|Any CPU.Build.0 = Debug|Any CPU
		{8B5D7451-425C-4969-9DA4-B52AA1E38FE8}.Release|Any CPU.ActiveCfg = Release|Any CPU
		{8B5D7451-425C-4969-9DA4-B52AA1E38FE8}.Release|Any CPU.Build.0 = Release|Any CPU
		{3E254AC2-C0E4-478B-A193-9230E6D7F93C}.Debug|Any CPU.ActiveCfg = Debug|Any CPU
		{3E254AC2-C0E4-478B-A193-9230E6D7F93C}.Debug|Any CPU.Build.0 = Debug|Any CPU
		{3E254AC2-C0E4-478B-A193-9230E6D7F93C}.Release|Any CPU.ActiveCfg = Release|Any CPU
		{3E254AC2-C0E4-478B-A193-9230E6D7F93C}.Release|Any CPU.Build.0 = Release|Any CPU
	EndGlobalSection
	GlobalSection(SolutionProperties) = preSolution
		HideSolutionNode = FALSE
	EndGlobalSection
	GlobalSection(ExtensibilityGlobals) = postSolution
		SolutionGuid = {4CEEDB96-8A56-4D8D-90AB-5ECFCF0B374F}
	EndGlobalSection
EndGlobal
