
Microsoft Visual Studio Solution File, Format Version 12.00
# Visual Studio Version 17
VisualStudioVersion = 17.9.34728.123
MinimumVisualStudioVersion = 10.0.40219.1
Project("{9A19103F-16F7-4668-BE54-9A1E7A4F7556}") = "TeacherAPI", "MoreTeachers\TeacherAPI.csproj", "{60F47E61-FDB5-4A07-B756-583A28642EE4}"
EndProject
Project("{9A19103F-16F7-4668-BE54-9A1E7A4F7556}") = "TeacherExtension.Foxo", "Foxo\TeacherExtension.Foxo.csproj", "{CC4CA57B-6DD1-47A7-B744-9BE63F255A02}"
EndProject
Project("{9A19103F-16F7-4668-BE54-9A1E7A4F7556}") = "TeacherExtension.Foxo.WrathFloor", "TeacherExtension.Foxo.WrathLevel\TeacherExtension.Foxo.WrathFloor.csproj", "{391C0273-F6C8-41E7-B6AF-812FCEACABE5}"
EndProject
Project("{2150E333-8FDC-42A3-9474-1A3956D46DE8}") = "Solution Items", "Solution Items", "{E9067505-CFCE-4ACB-B00E-EA8654B6550A}"
	ProjectSection(SolutionItems) = preProject
		.editorconfig = .editorconfig
	EndProjectSection
EndProject
Global
	GlobalSection(SolutionConfigurationPlatforms) = preSolution
		Debug|Any CPU = Debug|Any CPU
		Release|Any CPU = Release|Any CPU
	EndGlobalSection
	GlobalSection(ProjectConfigurationPlatforms) = postSolution
		{60F47E61-FDB5-4A07-B756-583A28642EE4}.Debug|Any CPU.ActiveCfg = Debug|Any CPU
		{60F47E61-FDB5-4A07-B756-583A28642EE4}.Debug|Any CPU.Build.0 = Debug|Any CPU
		{60F47E61-FDB5-4A07-B756-583A28642EE4}.Release|Any CPU.ActiveCfg = Release|Any CPU
		{60F47E61-FDB5-4A07-B756-583A28642EE4}.Release|Any CPU.Build.0 = Release|Any CPU
		{CC4CA57B-6DD1-47A7-B744-9BE63F255A02}.Debug|Any CPU.ActiveCfg = Debug|Any CPU
		{CC4CA57B-6DD1-47A7-B744-9BE63F255A02}.Debug|Any CPU.Build.0 = Debug|Any CPU
		{CC4CA57B-6DD1-47A7-B744-9BE63F255A02}.Release|Any CPU.ActiveCfg = Release|Any CPU
		{CC4CA57B-6DD1-47A7-B744-9BE63F255A02}.Release|Any CPU.Build.0 = Release|Any CPU
		{391C0273-F6C8-41E7-B6AF-812FCEACABE5}.Debug|Any CPU.ActiveCfg = Debug|Any CPU
		{391C0273-F6C8-41E7-B6AF-812FCEACABE5}.Debug|Any CPU.Build.0 = Debug|Any CPU
		{391C0273-F6C8-41E7-B6AF-812FCEACABE5}.Release|Any CPU.ActiveCfg = Release|Any CPU
		{391C0273-F6C8-41E7-B6AF-812FCEACABE5}.Release|Any CPU.Build.0 = Release|Any CPU
	EndGlobalSection
	GlobalSection(SolutionProperties) = preSolution
		HideSolutionNode = FALSE
	EndGlobalSection
	GlobalSection(ExtensibilityGlobals) = postSolution
		SolutionGuid = {4CEEDB96-8A56-4D8D-90AB-5ECFCF0B374F}
	EndGlobalSection
EndGlobal
